
Microsoft Visual Studio Solution File, Format Version 12.00
# Visual Studio Version 17
VisualStudioVersion = 17.0.32014.148
MinimumVisualStudioVersion = 10.0.40219.1
Project("{FAE04EC0-301F-11D3-BF4B-00C04F79EFBC}") = "PostgreEFCorePerfTest", "PostgreEFCorePerfTest.csproj", "{47F0316E-0CAC-46D7-8A3A-3A20A3E3C4D4}"
EndProject
Global
	GlobalSection(SolutionConfigurationPlatforms) = preSolution
		Debug|Any CPU = Debug|Any CPU
		Release|Any CPU = Release|Any CPU
	EndGlobalSection
	GlobalSection(ProjectConfigurationPlatforms) = postSolution
		{47F0316E-0CAC-46D7-8A3A-3A20A3E3C4D4}.Debug|Any CPU.ActiveCfg = Debug|Any CPU
		{47F0316E-0CAC-46D7-8A3A-3A20A3E3C4D4}.Debug|Any CPU.Build.0 = Debug|Any CPU
		{47F0316E-0CAC-46D7-8A3A-3A20A3E3C4D4}.Release|Any CPU.ActiveCfg = Release|Any CPU
		{47F0316E-0CAC-46D7-8A3A-3A20A3E3C4D4}.Release|Any CPU.Build.0 = Release|Any CPU
	EndGlobalSection
	GlobalSection(SolutionProperties) = preSolution
		HideSolutionNode = FALSE
	EndGlobalSection
	GlobalSection(ExtensibilityGlobals) = postSolution
		SolutionGuid = {0B50158D-D438-45D4-A8CB-6FAF5783ABBD}
	EndGlobalSection
EndGlobal
